
Microsoft Visual Studio Solution File, Format Version 12.00
# Visual Studio Version 17
VisualStudioVersion = 17.14.36221.1 d17.14
MinimumVisualStudioVersion = 10.0.40219.1
Project("{FAE04EC0-301F-11D3-BF4B-00C04F79EFBC}") = "Projeto_Estacionamento_DIO", "Projeto_Estacionamento_DIO\Projeto_Estacionamento_DIO.csproj", "{BFF21E60-7F7F-49D1-B43B-CAC6A00EA0DD}"
EndProject
Global
	GlobalSection(SolutionConfigurationPlatforms) = preSolution
		Debug|Any CPU = Debug|Any CPU
		Debug|x64 = Debug|x64
		Release|Any CPU = Release|Any CPU
		Release|x64 = Release|x64
	EndGlobalSection
	GlobalSection(ProjectConfigurationPlatforms) = postSolution
		{BFF21E60-7F7F-49D1-B43B-CAC6A00EA0DD}.Debug|Any CPU.ActiveCfg = Debug|Any CPU
		{BFF21E60-7F7F-49D1-B43B-CAC6A00EA0DD}.Debug|Any CPU.Build.0 = Debug|Any CPU
		{BFF21E60-7F7F-49D1-B43B-CAC6A00EA0DD}.Debug|Any CPU.Deploy.0 = Debug|Any CPU
		{BFF21E60-7F7F-49D1-B43B-CAC6A00EA0DD}.Debug|x64.ActiveCfg = Debug|x64
		{BFF21E60-7F7F-49D1-B43B-CAC6A00EA0DD}.Debug|x64.Build.0 = Debug|x64
		{BFF21E60-7F7F-49D1-B43B-CAC6A00EA0DD}.Debug|x64.Deploy.0 = Debug|x64
		{BFF21E60-7F7F-49D1-B43B-CAC6A00EA0DD}.Release|Any CPU.ActiveCfg = Release|Any CPU
		{BFF21E60-7F7F-49D1-B43B-CAC6A00EA0DD}.Release|Any CPU.Build.0 = Release|Any CPU
		{BFF21E60-7F7F-49D1-B43B-CAC6A00EA0DD}.Release|x64.ActiveCfg = Release|x64
		{BFF21E60-7F7F-49D1-B43B-CAC6A00EA0DD}.Release|x64.Build.0 = Release|x64
	EndGlobalSection
	GlobalSection(SolutionProperties) = preSolution
		HideSolutionNode = FALSE
	EndGlobalSection
	GlobalSection(ExtensibilityGlobals) = postSolution
		SolutionGuid = {01B323F9-7D3C-4C76-A323-47F9FCC67E0D}
	EndGlobalSection
EndGlobal
